{
  "version": 4,
  "terraform_version": "1.3.1",
  "serial": 14,
  "lineage": "5bfe9a01-3abe-7dde-7b08-03b48a3855c1",
  "outputs": {
    "alb_dns_name": {
      "value": "webservers-stage-2004603244.us-east-1.elb.amazonaws.com",
      "type": "string"
    }
  },
  "resources": [
    {
      "mode": "managed",
      "type": "aws_autoscaling_schedule",
      "name": "scale_in_at_night",
      "provider": "provider[\"registry.terraform.io/hashicorp/aws\"]",
      "instances": [
        {
          "schema_version": 0,
          "attributes": {
            "arn": "arn:aws:autoscaling:us-east-1:767653220718:scheduledUpdateGroupAction:d35f3dee-9899-4f40-835a-cd339d9f0a67:autoScalingGroupName/terraform-20221007122330672000000002:scheduledActionName/scale-in-at-night",
            "autoscaling_group_name": "terraform-20221007122330672000000002",
            "desired_capacity": 2,
            "end_time": null,
            "id": "scale-in-at-night",
            "max_size": 10,
            "min_size": 2,
            "recurrence": "0 17 * * *",
            "scheduled_action_name": "scale-in-at-night",
            "start_time": "2022-10-07T17:00:00Z",
            "time_zone": null
          },
          "sensitive_attributes": [],
          "private": "bnVsbA==",
          "dependencies": [
            "module.webserver_cluster.aws_autoscaling_group.example",
            "module.webserver_cluster.aws_launch_configuration.example",
            "module.webserver_cluster.aws_lb_target_group.asg",
            "module.webserver_cluster.aws_security_group.instance",
            "module.webserver_cluster.data.aws_ami.ami",
            "module.webserver_cluster.data.aws_subnet_ids.default",
            "module.webserver_cluster.data.aws_vpc.default",
            "module.webserver_cluster.data.template_file.user_data"
          ]
        }
      ]
    },
    {
      "mode": "managed",
      "type": "aws_autoscaling_schedule",
      "name": "scale_out_during_business_hours",
      "provider": "provider[\"registry.terraform.io/hashicorp/aws\"]",
      "instances": [
        {
          "schema_version": 0,
          "attributes": {
            "arn": "arn:aws:autoscaling:us-east-1:767653220718:scheduledUpdateGroupAction:a6eb90a2-8651-40ee-8f19-0e8674111e11:autoScalingGroupName/terraform-20221007122330672000000002:scheduledActionName/scale-out-during-business-hours",
            "autoscaling_group_name": "terraform-20221007122330672000000002",
            "desired_capacity": 10,
            "end_time": null,
            "id": "scale-out-during-business-hours",
            "max_size": 10,
            "min_size": 2,
            "recurrence": "0 9 * * *",
            "scheduled_action_name": "scale-out-during-business-hours",
            "start_time": "2022-10-08T09:00:00Z",
            "time_zone": null
          },
          "sensitive_attributes": [],
          "private": "bnVsbA==",
          "dependencies": [
            "module.webserver_cluster.aws_autoscaling_group.example",
            "module.webserver_cluster.aws_launch_configuration.example",
            "module.webserver_cluster.aws_lb_target_group.asg",
            "module.webserver_cluster.aws_security_group.instance",
            "module.webserver_cluster.data.aws_ami.ami",
            "module.webserver_cluster.data.aws_subnet_ids.default",
            "module.webserver_cluster.data.aws_vpc.default",
            "module.webserver_cluster.data.template_file.user_data"
          ]
        }
      ]
    },
    {
      "module": "module.webserver_cluster",
      "mode": "data",
      "type": "aws_ami",
      "name": "ami",
      "provider": "provider[\"registry.terraform.io/hashicorp/aws\"]",
      "instances": [
        {
          "schema_version": 0,
          "attributes": {
            "architecture": "x86_64",
            "arn": "arn:aws:ec2:us-east-1::image/ami-04fc00d791d804b24",
            "block_device_mappings": [
              {
                "device_name": "/dev/sda1",
                "ebs": {
                  "delete_on_termination": "true",
                  "encrypted": "false",
                  "iops": "0",
                  "snapshot_id": "snap-06db512506015614c",
                  "throughput": "0",
                  "volume_size": "8",
                  "volume_type": "gp2"
                },
                "no_device": "",
                "virtual_name": ""
              },
              {
                "device_name": "/dev/sdb",
                "ebs": {},
                "no_device": "",
                "virtual_name": "ephemeral0"
              },
              {
                "device_name": "/dev/sdc",
                "ebs": {},
                "no_device": "",
                "virtual_name": "ephemeral1"
              }
            ],
            "boot_mode": "",
            "creation_date": "2022-09-26T18:35:23.000Z",
            "deprecation_time": "2024-09-26T18:35:23.000Z",
            "description": "Canonical, Ubuntu, 18.04 LTS, amd64 bionic image build on 2022-09-26",
            "ena_support": true,
            "executable_users": null,
            "filter": [
              {
                "name": "name",
                "values": [
                  "ubuntu/images/hvm-ssd/ubuntu-bionic-18.04-amd64-server-*"
                ]
              }
            ],
            "hypervisor": "xen",
            "id": "ami-04fc00d791d804b24",
            "image_id": "ami-04fc00d791d804b24",
            "image_location": "amazon/ubuntu/images/hvm-ssd/ubuntu-bionic-18.04-amd64-server-20220926",
            "image_owner_alias": "amazon",
            "image_type": "machine",
            "imds_support": "",
            "include_deprecated": false,
            "kernel_id": "",
            "most_recent": true,
            "name": "ubuntu/images/hvm-ssd/ubuntu-bionic-18.04-amd64-server-20220926",
            "name_regex": null,
            "owner_id": "099720109477",
            "owners": [
              "099720109477"
            ],
            "platform": "",
            "platform_details": "Linux/UNIX",
            "product_codes": [],
            "public": true,
            "ramdisk_id": "",
            "root_device_name": "/dev/sda1",
            "root_device_type": "ebs",
            "root_snapshot_id": "snap-06db512506015614c",
            "sriov_net_support": "simple",
            "state": "available",
            "state_reason": {
              "code": "UNSET",
              "message": "UNSET"
            },
            "tags": {},
            "timeouts": null,
            "tpm_support": "",
            "usage_operation": "RunInstances",
            "virtualization_type": "hvm"
          },
          "sensitive_attributes": []
        }
      ]
    },
    {
      "module": "module.webserver_cluster",
      "mode": "data",
      "type": "aws_subnet_ids",
      "name": "default",
      "provider": "provider[\"registry.terraform.io/hashicorp/aws\"]",
      "instances": [
        {
          "schema_version": 0,
          "attributes": {
            "filter": null,
            "id": "vpc-fdbc6f80",
            "ids": [
              "subnet-084c3506",
              "subnet-4762e066",
              "subnet-b8498289",
              "subnet-dd9acd90",
              "subnet-f2f373ad",
              "subnet-fc83049a"
            ],
            "tags": null,
            "timeouts": null,
            "vpc_id": "vpc-fdbc6f80"
          },
          "sensitive_attributes": []
        }
      ]
    },
    {
      "module": "module.webserver_cluster",
      "mode": "data",
      "type": "aws_vpc",
      "name": "default",
      "provider": "provider[\"registry.terraform.io/hashicorp/aws\"]",
      "instances": [
        {
          "schema_version": 0,
          "attributes": {
            "arn": "arn:aws:ec2:us-east-1:767653220718:vpc/vpc-fdbc6f80",
            "cidr_block": "172.31.0.0/16",
            "cidr_block_associations": [
              {
                "association_id": "vpc-cidr-assoc-4614b929",
                "cidr_block": "172.31.0.0/16",
                "state": "associated"
              }
            ],
            "default": true,
            "dhcp_options_id": "dopt-ead4a990",
            "enable_dns_hostnames": true,
            "enable_dns_support": true,
            "filter": null,
            "id": "vpc-fdbc6f80",
            "instance_tenancy": "default",
            "ipv6_association_id": "",
            "ipv6_cidr_block": "",
            "main_route_table_id": "rtb-ace5bad2",
            "owner_id": "767653220718",
            "state": null,
            "tags": {},
            "timeouts": null
          },
          "sensitive_attributes": []
        }
      ]
    },
    {
      "module": "module.webserver_cluster",
      "mode": "data",
      "type": "template_file",
      "name": "user_data",
      "provider": "provider[\"registry.terraform.io/hashicorp/template\"]",
      "instances": [
        {
          "schema_version": 0,
          "attributes": {
            "filename": null,
            "id": "7ab687f458225609cff57ed8683953982d6e4c02e20019f2dbaf583f895756f6",
            "rendered": "#!/bin/bash\n\ncat \u003e index.html \u003c\u003cEOF\n\u003ch1\u003eHello, World\u003c/h1\u003e\nEOF\n\nnohup busybox httpd -f -p 8080 \u0026",
            "template": "#!/bin/bash\n\ncat \u003e index.html \u003c\u003cEOF\n\u003ch1\u003eHello, World\u003c/h1\u003e\nEOF\n\nnohup busybox httpd -f -p ${server_port} \u0026",
            "vars": {
              "server_port": "8080"
            }
          },
          "sensitive_attributes": []
        }
      ]
    },
    {
      "module": "module.webserver_cluster",
      "mode": "data",
      "type": "terraform_remote_state",
      "name": "db",
      "provider": "provider[\"terraform.io/builtin/terraform\"]",
      "instances": [
        {
          "schema_version": 0,
          "attributes": {
            "backend": "s3",
            "config": {
              "value": {
                "bucket": "nec-registry",
                "dynamodb_table": "nec-tfstate-ddb",
                "encrypt": "true",
                "key": "modules-stage/terraform.tfstate",
                "region": "us-east-1"
              },
              "type": [
                "object",
                {
                  "bucket": "string",
                  "dynamodb_table": "string",
                  "encrypt": "string",
                  "key": "string",
                  "region": "string"
                }
              ]
            },
            "defaults": null,
            "outputs": {
              "value": {},
              "type": [
                "object",
                {}
              ]
            },
            "workspace": null
          },
          "sensitive_attributes": []
        }
      ]
    },
    {
      "module": "module.webserver_cluster",
      "mode": "managed",
      "type": "aws_autoscaling_group",
      "name": "example",
      "provider": "provider[\"registry.terraform.io/hashicorp/aws\"]",
      "instances": [
        {
          "schema_version": 0,
          "attributes": {
            "arn": "arn:aws:autoscaling:us-east-1:767653220718:autoScalingGroup:3004ae66-a5c9-408a-9234-004ee7f9a633:autoScalingGroupName/terraform-20221007122330672000000002",
            "availability_zones": [
              "us-east-1a",
              "us-east-1b",
              "us-east-1c",
              "us-east-1d",
              "us-east-1e",
              "us-east-1f"
            ],
            "capacity_rebalance": false,
            "context": "",
            "default_cooldown": 300,
            "default_instance_warmup": 0,
            "desired_capacity": 2,
            "enabled_metrics": null,
            "force_delete": false,
            "force_delete_warm_pool": false,
            "health_check_grace_period": 300,
            "health_check_type": "ELB",
            "id": "terraform-20221007122330672000000002",
            "initial_lifecycle_hook": [],
            "instance_refresh": [],
            "launch_configuration": "terraform-20221007122329257600000001",
            "launch_template": [],
            "load_balancers": null,
            "max_instance_lifetime": 0,
            "max_size": 10,
            "metrics_granularity": "1Minute",
            "min_elb_capacity": null,
            "min_size": 2,
            "mixed_instances_policy": [],
            "name": "terraform-20221007122330672000000002",
            "name_prefix": "terraform-",
            "placement_group": "",
            "protect_from_scale_in": false,
            "service_linked_role_arn": "arn:aws:iam::767653220718:role/aws-service-role/autoscaling.amazonaws.com/AWSServiceRoleForAutoScaling",
            "suspended_processes": null,
            "tag": [
              {
                "key": "Name",
                "propagate_at_launch": true,
                "value": "webservers-stage"
              }
            ],
            "tags": null,
            "target_group_arns": [
              "arn:aws:elasticloadbalancing:us-east-1:767653220718:targetgroup/webservers-stage/026ce8299162de76"
            ],
            "termination_policies": null,
            "timeouts": null,
            "vpc_zone_identifier": [
              "subnet-084c3506",
              "subnet-4762e066",
              "subnet-b8498289",
              "subnet-dd9acd90",
              "subnet-f2f373ad",
              "subnet-fc83049a"
            ],
            "wait_for_capacity_timeout": "10m",
            "wait_for_elb_capacity": null,
            "warm_pool": []
          },
          "sensitive_attributes": [],
          "private": "eyJlMmJmYjczMC1lY2FhLTExZTYtOGY4OC0zNDM2M2JjN2M0YzAiOnsiZGVsZXRlIjo2MDAwMDAwMDAwMDAsInVwZGF0ZSI6NjAwMDAwMDAwMDAwfX0=",
          "dependencies": [
            "module.webserver_cluster.aws_launch_configuration.example",
            "module.webserver_cluster.aws_lb_target_group.asg",
            "module.webserver_cluster.aws_security_group.instance",
            "module.webserver_cluster.data.aws_ami.ami",
            "module.webserver_cluster.data.aws_subnet_ids.default",
            "module.webserver_cluster.data.aws_vpc.default",
            "module.webserver_cluster.data.template_file.user_data"
          ]
        }
      ]
    },
    {
      "module": "module.webserver_cluster",
      "mode": "managed",
      "type": "aws_launch_configuration",
      "name": "example",
      "provider": "provider[\"registry.terraform.io/hashicorp/aws\"]",
      "instances": [
        {
          "schema_version": 0,
          "attributes": {
            "arn": "arn:aws:autoscaling:us-east-1:767653220718:launchConfiguration:46b79c2a-c03d-4143-836d-634cea6c5e4d:launchConfigurationName/terraform-20221007122329257600000001",
            "associate_public_ip_address": false,
            "ebs_block_device": [],
            "ebs_optimized": false,
            "enable_monitoring": true,
            "ephemeral_block_device": [],
            "iam_instance_profile": "",
            "id": "terraform-20221007122329257600000001",
            "image_id": "ami-04fc00d791d804b24",
            "instance_type": "t2.micro",
            "key_name": "",
            "metadata_options": [],
            "name": "terraform-20221007122329257600000001",
            "name_prefix": "terraform-",
            "placement_tenancy": "",
            "root_block_device": [],
            "security_groups": [
              "sg-0224e099771a83dea"
            ],
            "spot_price": "",
            "user_data": "0e967f9ca1450abdfb519996a0fbb64ae6e510be",
            "user_data_base64": null,
            "vpc_classic_link_id": "",
            "vpc_classic_link_security_groups": null
          },
          "sensitive_attributes": [],
          "private": "bnVsbA==",
          "dependencies": [
            "module.webserver_cluster.aws_security_group.instance",
            "module.webserver_cluster.data.aws_ami.ami",
            "module.webserver_cluster.data.template_file.user_data"
          ],
          "create_before_destroy": true
        }
      ]
    },
    {
      "module": "module.webserver_cluster",
      "mode": "managed",
      "type": "aws_lb",
      "name": "example",
      "provider": "provider[\"registry.terraform.io/hashicorp/aws\"]",
      "instances": [
        {
          "schema_version": 0,
          "attributes": {
            "access_logs": [
              {
                "bucket": "",
                "enabled": false,
                "prefix": ""
              }
            ],
            "arn": "arn:aws:elasticloadbalancing:us-east-1:767653220718:loadbalancer/app/webservers-stage/1b66c5d7c3b90adf",
            "arn_suffix": "app/webservers-stage/1b66c5d7c3b90adf",
            "customer_owned_ipv4_pool": "",
            "desync_mitigation_mode": "defensive",
            "dns_name": "webservers-stage-2004603244.us-east-1.elb.amazonaws.com",
            "drop_invalid_header_fields": false,
            "enable_cross_zone_load_balancing": null,
            "enable_deletion_protection": false,
            "enable_http2": true,
            "enable_waf_fail_open": false,
            "id": "arn:aws:elasticloadbalancing:us-east-1:767653220718:loadbalancer/app/webservers-stage/1b66c5d7c3b90adf",
            "idle_timeout": 60,
            "internal": false,
            "ip_address_type": "ipv4",
            "load_balancer_type": "application",
            "name": "webservers-stage",
            "name_prefix": null,
            "preserve_host_header": false,
            "security_groups": [
              "sg-0e3af434934d51190"
            ],
            "subnet_mapping": [
              {
                "allocation_id": "",
                "ipv6_address": "",
                "outpost_id": "",
                "private_ipv4_address": "",
                "subnet_id": "subnet-084c3506"
              },
              {
                "allocation_id": "",
                "ipv6_address": "",
                "outpost_id": "",
                "private_ipv4_address": "",
                "subnet_id": "subnet-4762e066"
              },
              {
                "allocation_id": "",
                "ipv6_address": "",
                "outpost_id": "",
                "private_ipv4_address": "",
                "subnet_id": "subnet-b8498289"
              },
              {
                "allocation_id": "",
                "ipv6_address": "",
                "outpost_id": "",
                "private_ipv4_address": "",
                "subnet_id": "subnet-dd9acd90"
              },
              {
                "allocation_id": "",
                "ipv6_address": "",
                "outpost_id": "",
                "private_ipv4_address": "",
                "subnet_id": "subnet-f2f373ad"
              },
              {
                "allocation_id": "",
                "ipv6_address": "",
                "outpost_id": "",
                "private_ipv4_address": "",
                "subnet_id": "subnet-fc83049a"
              }
            ],
            "subnets": [
              "subnet-084c3506",
              "subnet-4762e066",
              "subnet-b8498289",
              "subnet-dd9acd90",
              "subnet-f2f373ad",
              "subnet-fc83049a"
            ],
            "tags": null,
            "tags_all": {},
            "timeouts": null,
            "vpc_id": "vpc-fdbc6f80",
            "zone_id": "Z35SXDOTRQ7X7K"
          },
          "sensitive_attributes": [],
          "private": "eyJlMmJmYjczMC1lY2FhLTExZTYtOGY4OC0zNDM2M2JjN2M0YzAiOnsiY3JlYXRlIjo2MDAwMDAwMDAwMDAsImRlbGV0ZSI6NjAwMDAwMDAwMDAwLCJ1cGRhdGUiOjYwMDAwMDAwMDAwMH19",
          "dependencies": [
            "module.webserver_cluster.aws_security_group.alb",
            "module.webserver_cluster.data.aws_subnet_ids.default"
          ]
        }
      ]
    },
    {
      "module": "module.webserver_cluster",
      "mode": "managed",
      "type": "aws_lb_listener",
      "name": "http",
      "provider": "provider[\"registry.terraform.io/hashicorp/aws\"]",
      "instances": [
        {
          "schema_version": 0,
          "attributes": {
            "alpn_policy": null,
            "arn": "arn:aws:elasticloadbalancing:us-east-1:767653220718:listener/app/webservers-stage/1b66c5d7c3b90adf/c51354ac2ef15723",
            "certificate_arn": null,
            "default_action": [
              {
                "authenticate_cognito": [],
                "authenticate_oidc": [],
                "fixed_response": [
                  {
                    "content_type": "text/plain",
                    "message_body": "404: page not found",
                    "status_code": "404"
                  }
                ],
                "forward": [],
                "order": 1,
                "redirect": [],
                "target_group_arn": "",
                "type": "fixed-response"
              }
            ],
            "id": "arn:aws:elasticloadbalancing:us-east-1:767653220718:listener/app/webservers-stage/1b66c5d7c3b90adf/c51354ac2ef15723",
            "load_balancer_arn": "arn:aws:elasticloadbalancing:us-east-1:767653220718:loadbalancer/app/webservers-stage/1b66c5d7c3b90adf",
            "port": 80,
            "protocol": "HTTP",
            "ssl_policy": "",
            "tags": null,
            "tags_all": {},
            "timeouts": null
          },
          "sensitive_attributes": [],
          "private": "eyJlMmJmYjczMC1lY2FhLTExZTYtOGY4OC0zNDM2M2JjN2M0YzAiOnsicmVhZCI6NjAwMDAwMDAwMDAwfX0=",
          "dependencies": [
            "module.webserver_cluster.aws_lb.example",
            "module.webserver_cluster.aws_security_group.alb",
            "module.webserver_cluster.data.aws_subnet_ids.default"
          ]
        }
      ]
    },
    {
      "module": "module.webserver_cluster",
      "mode": "managed",
      "type": "aws_lb_listener_rule",
      "name": "asg",
      "provider": "provider[\"registry.terraform.io/hashicorp/aws\"]",
      "instances": [
        {
          "schema_version": 0,
          "attributes": {
            "action": [
              {
                "authenticate_cognito": [],
                "authenticate_oidc": [],
                "fixed_response": [],
                "forward": [],
                "order": 1,
                "redirect": [],
                "target_group_arn": "arn:aws:elasticloadbalancing:us-east-1:767653220718:targetgroup/webservers-stage/026ce8299162de76",
                "type": "forward"
              }
            ],
            "arn": "arn:aws:elasticloadbalancing:us-east-1:767653220718:listener-rule/app/webservers-stage/1b66c5d7c3b90adf/c51354ac2ef15723/b6bee1ca895ca9e1",
            "condition": [
              {
                "host_header": [],
                "http_header": [],
                "http_request_method": [],
                "path_pattern": [
                  {
                    "values": [
                      "*"
                    ]
                  }
                ],
                "query_string": [],
                "source_ip": []
              }
            ],
            "id": "arn:aws:elasticloadbalancing:us-east-1:767653220718:listener-rule/app/webservers-stage/1b66c5d7c3b90adf/c51354ac2ef15723/b6bee1ca895ca9e1",
            "listener_arn": "arn:aws:elasticloadbalancing:us-east-1:767653220718:listener/app/webservers-stage/1b66c5d7c3b90adf/c51354ac2ef15723",
            "priority": 100,
            "tags": null,
            "tags_all": {}
          },
          "sensitive_attributes": [],
          "private": "bnVsbA==",
          "dependencies": [
            "module.webserver_cluster.aws_lb.example",
            "module.webserver_cluster.aws_lb_listener.http",
            "module.webserver_cluster.aws_lb_target_group.asg",
            "module.webserver_cluster.aws_security_group.alb",
            "module.webserver_cluster.data.aws_subnet_ids.default",
            "module.webserver_cluster.data.aws_vpc.default"
          ]
        }
      ]
    },
    {
      "module": "module.webserver_cluster",
      "mode": "managed",
      "type": "aws_lb_target_group",
      "name": "asg",
      "provider": "provider[\"registry.terraform.io/hashicorp/aws\"]",
      "instances": [
        {
          "schema_version": 0,
          "attributes": {
            "arn": "arn:aws:elasticloadbalancing:us-east-1:767653220718:targetgroup/webservers-stage/026ce8299162de76",
            "arn_suffix": "targetgroup/webservers-stage/026ce8299162de76",
            "connection_termination": false,
            "deregistration_delay": "300",
            "health_check": [
              {
                "enabled": true,
                "healthy_threshold": 2,
                "interval": 15,
                "matcher": "200",
                "path": "/",
                "port": "traffic-port",
                "protocol": "HTTP",
                "timeout": 3,
                "unhealthy_threshold": 2
              }
            ],
            "id": "arn:aws:elasticloadbalancing:us-east-1:767653220718:targetgroup/webservers-stage/026ce8299162de76",
            "ip_address_type": null,
            "lambda_multi_value_headers_enabled": false,
            "load_balancing_algorithm_type": "round_robin",
            "name": "webservers-stage",
            "name_prefix": null,
            "port": 8080,
            "preserve_client_ip": null,
            "protocol": "HTTP",
            "protocol_version": "HTTP1",
            "proxy_protocol_v2": false,
            "slow_start": 0,
            "stickiness": [
              {
                "cookie_duration": 86400,
                "cookie_name": "",
                "enabled": false,
                "type": "lb_cookie"
              }
            ],
            "tags": null,
            "tags_all": {},
            "target_type": "instance",
            "vpc_id": "vpc-fdbc6f80"
          },
          "sensitive_attributes": [],
          "private": "bnVsbA==",
          "dependencies": [
            "module.webserver_cluster.data.aws_vpc.default"
          ]
        }
      ]
    },
    {
      "module": "module.webserver_cluster",
      "mode": "managed",
      "type": "aws_security_group",
      "name": "alb",
      "provider": "provider[\"registry.terraform.io/hashicorp/aws\"]",
      "instances": [
        {
          "schema_version": 1,
          "attributes": {
            "arn": "arn:aws:ec2:us-east-1:767653220718:security-group/sg-0e3af434934d51190",
            "description": "Managed by Terraform",
            "egress": [],
            "id": "sg-0e3af434934d51190",
            "ingress": [],
            "name": "webservers-stage-alb",
            "name_prefix": "",
            "owner_id": "767653220718",
            "revoke_rules_on_delete": false,
            "tags": null,
            "tags_all": {},
            "timeouts": null,
            "vpc_id": "vpc-fdbc6f80"
          },
          "sensitive_attributes": [],
          "private": "eyJlMmJmYjczMC1lY2FhLTExZTYtOGY4OC0zNDM2M2JjN2M0YzAiOnsiY3JlYXRlIjo2MDAwMDAwMDAwMDAsImRlbGV0ZSI6OTAwMDAwMDAwMDAwfSwic2NoZW1hX3ZlcnNpb24iOiIxIn0="
        }
      ]
    },
    {
      "module": "module.webserver_cluster",
      "mode": "managed",
      "type": "aws_security_group",
      "name": "instance",
      "provider": "provider[\"registry.terraform.io/hashicorp/aws\"]",
      "instances": [
        {
          "schema_version": 1,
          "attributes": {
            "arn": "arn:aws:ec2:us-east-1:767653220718:security-group/sg-0224e099771a83dea",
            "description": "Managed by Terraform",
            "egress": [],
            "id": "sg-0224e099771a83dea",
            "ingress": [],
            "name": "webservers-stage-instance",
            "name_prefix": "",
            "owner_id": "767653220718",
            "revoke_rules_on_delete": false,
            "tags": null,
            "tags_all": {},
            "timeouts": null,
            "vpc_id": "vpc-fdbc6f80"
          },
          "sensitive_attributes": [],
          "private": "eyJlMmJmYjczMC1lY2FhLTExZTYtOGY4OC0zNDM2M2JjN2M0YzAiOnsiY3JlYXRlIjo2MDAwMDAwMDAwMDAsImRlbGV0ZSI6OTAwMDAwMDAwMDAwfSwic2NoZW1hX3ZlcnNpb24iOiIxIn0=",
          "create_before_destroy": true
        }
      ]
    },
    {
      "module": "module.webserver_cluster",
      "mode": "managed",
      "type": "aws_security_group_rule",
      "name": "allow_all_outbound",
      "provider": "provider[\"registry.terraform.io/hashicorp/aws\"]",
      "instances": [
        {
          "schema_version": 2,
          "attributes": {
            "cidr_blocks": [
              "0.0.0.0/0"
            ],
            "description": null,
            "from_port": 0,
            "id": "sgrule-1171269996",
            "ipv6_cidr_blocks": null,
            "prefix_list_ids": null,
            "protocol": "-1",
            "security_group_id": "sg-0e3af434934d51190",
            "self": false,
            "source_security_group_id": null,
            "timeouts": null,
            "to_port": 0,
            "type": "egress"
          },
          "sensitive_attributes": [],
          "private": "eyJlMmJmYjczMC1lY2FhLTExZTYtOGY4OC0zNDM2M2JjN2M0YzAiOnsiY3JlYXRlIjozMDAwMDAwMDAwMDB9LCJzY2hlbWFfdmVyc2lvbiI6IjIifQ==",
          "dependencies": [
            "module.webserver_cluster.aws_security_group.alb"
          ]
        }
      ]
    },
    {
      "module": "module.webserver_cluster",
      "mode": "managed",
      "type": "aws_security_group_rule",
      "name": "allow_http_inbound",
      "provider": "provider[\"registry.terraform.io/hashicorp/aws\"]",
      "instances": [
        {
          "schema_version": 2,
          "attributes": {
            "cidr_blocks": [
              "0.0.0.0/0"
            ],
            "description": null,
            "from_port": 80,
            "id": "sgrule-882339609",
            "ipv6_cidr_blocks": null,
            "prefix_list_ids": null,
            "protocol": "tcp",
            "security_group_id": "sg-0e3af434934d51190",
            "self": false,
            "source_security_group_id": null,
            "timeouts": null,
            "to_port": 80,
            "type": "ingress"
          },
          "sensitive_attributes": [],
          "private": "eyJlMmJmYjczMC1lY2FhLTExZTYtOGY4OC0zNDM2M2JjN2M0YzAiOnsiY3JlYXRlIjozMDAwMDAwMDAwMDB9LCJzY2hlbWFfdmVyc2lvbiI6IjIifQ==",
          "dependencies": [
            "module.webserver_cluster.aws_security_group.alb"
          ]
        }
      ]
    },
    {
      "module": "module.webserver_cluster",
      "mode": "managed",
      "type": "aws_security_group_rule",
      "name": "allow_server_http_inbound",
      "provider": "provider[\"registry.terraform.io/hashicorp/aws\"]",
      "instances": [
        {
          "schema_version": 2,
          "attributes": {
            "cidr_blocks": [
              "0.0.0.0/0"
            ],
            "description": null,
            "from_port": 8080,
            "id": "sgrule-876463359",
            "ipv6_cidr_blocks": null,
            "prefix_list_ids": null,
            "protocol": "tcp",
            "security_group_id": "sg-0224e099771a83dea",
            "self": false,
            "source_security_group_id": null,
            "timeouts": null,
            "to_port": 8080,
            "type": "ingress"
          },
          "sensitive_attributes": [],
          "private": "eyJlMmJmYjczMC1lY2FhLTExZTYtOGY4OC0zNDM2M2JjN2M0YzAiOnsiY3JlYXRlIjozMDAwMDAwMDAwMDB9LCJzY2hlbWFfdmVyc2lvbiI6IjIifQ==",
          "dependencies": [
            "module.webserver_cluster.aws_security_group.instance"
          ]
        }
      ]
    }
  ],
  "check_results": []
}
